
Microsoft Visual Studio Solution File, Format Version 12.00
# Visual Studio 15
VisualStudioVersion = 15.0.28307.271
MinimumVisualStudioVersion = 10.0.40219.1
Project("{9A19103F-16F7-4668-BE54-9A1E7A4F7556}") = "GalleryStone", "GalleryStone\GalleryStone.csproj", "{50820C3E-B08A-4F69-9C90-211942806C32}"
EndProject
Project("{9A19103F-16F7-4668-BE54-9A1E7A4F7556}") = "GalleryStone.Data", "GalleryStone.Data\GalleryStone.Data.csproj", "{45CCBD73-1BEC-4AC6-9CED-217FA5F8FF30}"
EndProject
Project("{FAE04EC0-301F-11D3-BF4B-00C04F79EFBC}") = "GalleryStone.Service", "GalleryStone.Service\GalleryStone.Service.csproj", "{8D2CFFCF-19CD-45EE-B6C3-9A37470BD06E}"
EndProject
Global
	GlobalSection(SolutionConfigurationPlatforms) = preSolution
		Debug|Any CPU = Debug|Any CPU
		Release|Any CPU = Release|Any CPU
	EndGlobalSection
	GlobalSection(ProjectConfigurationPlatforms) = postSolution
		{50820C3E-B08A-4F69-9C90-211942806C32}.Debug|Any CPU.ActiveCfg = Debug|Any CPU
		{50820C3E-B08A-4F69-9C90-211942806C32}.Debug|Any CPU.Build.0 = Debug|Any CPU
		{50820C3E-B08A-4F69-9C90-211942806C32}.Release|Any CPU.ActiveCfg = Release|Any CPU
		{50820C3E-B08A-4F69-9C90-211942806C32}.Release|Any CPU.Build.0 = Release|Any CPU
		{45CCBD73-1BEC-4AC6-9CED-217FA5F8FF30}.Debug|Any CPU.ActiveCfg = Debug|Any CPU
		{45CCBD73-1BEC-4AC6-9CED-217FA5F8FF30}.Debug|Any CPU.Build.0 = Debug|Any CPU
		{45CCBD73-1BEC-4AC6-9CED-217FA5F8FF30}.Release|Any CPU.ActiveCfg = Release|Any CPU
		{45CCBD73-1BEC-4AC6-9CED-217FA5F8FF30}.Release|Any CPU.Build.0 = Release|Any CPU
		{8D2CFFCF-19CD-45EE-B6C3-9A37470BD06E}.Debug|Any CPU.ActiveCfg = Debug|Any CPU
		{8D2CFFCF-19CD-45EE-B6C3-9A37470BD06E}.Debug|Any CPU.Build.0 = Debug|Any CPU
		{8D2CFFCF-19CD-45EE-B6C3-9A37470BD06E}.Release|Any CPU.ActiveCfg = Release|Any CPU
		{8D2CFFCF-19CD-45EE-B6C3-9A37470BD06E}.Release|Any CPU.Build.0 = Release|Any CPU
	EndGlobalSection
	GlobalSection(SolutionProperties) = preSolution
		HideSolutionNode = FALSE
	EndGlobalSection
	GlobalSection(ExtensibilityGlobals) = postSolution
		SolutionGuid = {23AADFB8-2D32-43A9-9B53-9FAD521EB0F0}
	EndGlobalSection
EndGlobal
